// !$*UTF8*$!
{
	archiveVersion = 1;
	classes = {};
	objectVersion = 77;
	objects = {
		A10000000000000000000001 = {
			isa = PBXFileSystemSynchronizedRootGroup;
			exceptions = (A10000000000000000000019,);
			explicitFolders = (Config,);
			path = App;
			sourceTree = "<group>";
		};
		A10000000000000000000019 = {
			isa = PBXFileSystemSynchronizedBuildFileExceptionSet;
			membershipExceptions = (Config,);
			target = A1000000000000000000000C;
		};
		A10000000000000000000002 = {
			isa = PBXGroup;
			children = (A10000000000000000000001, A10000000000000000000003,);
			sourceTree = "<group>";
		};
		A10000000000000000000003 = {
			isa = PBXGroup;
			children = (A10000000000000000000004,);
			name = Products;
			sourceTree = "<group>";
		};
		A10000000000000000000004 = {isa = PBXFileReference; explicitFileType = wrapper.application; includeInIndex = 0; path = App.app; sourceTree = BUILT_PRODUCTS_DIR; };
		A10000000000000000000006 = {isa = PBXSourcesBuildPhase; buildActionMask = 2147483647; files = (); runOnlyForDeploymentPostprocessing = 0; };
		A10000000000000000000007 = {isa = PBXFrameworksBuildPhase; buildActionMask = 2147483647; files = (); runOnlyForDeploymentPostprocessing = 0; };
		A10000000000000000000008 = {isa = PBXResourcesBuildPhase; buildActionMask = 2147483647; files = (); runOnlyForDeploymentPostprocessing = 0; };
		A1000000000000000000000C = {
			isa = PBXNativeTarget;
			buildConfigurationList = A10000000000000000000011;
			buildPhases = (A10000000000000000000006, A10000000000000000000007, A10000000000000000000008,);
			dependencies = ();
			fileSystemSynchronizedGroups = (A10000000000000000000001,);
			name = App;
			productName = App;
			productReference = A10000000000000000000004;
			productType = "com.apple.product-type.application";
		};
		A1000000000000000000000E = {
			isa = PBXProject;
			attributes = {BuildIndependentTargetsInParallel = 1; LastUpgradeCheck = 2630; };
			buildConfigurationList = A10000000000000000000010;
			compatibilityVersion = "Xcode 16.0";
			developmentRegion = en;
			knownRegions = (en, Base,);
			mainGroup = A10000000000000000000002;
			productRefGroup = A10000000000000000000003;
			projectDirPath = "";
			projectRoot = "";
			targets = (A1000000000000000000000C,);
		};
		A10000000000000000000010 = {isa = XCConfigurationList; buildConfigurations = (A10000000000000000000013, A10000000000000000000014,); defaultConfigurationIsVisible = 0; defaultConfigurationName = Release; };
		A10000000000000000000011 = {isa = XCConfigurationList; buildConfigurations = (A10000000000000000000015, A10000000000000000000016,); defaultConfigurationIsVisible = 0; defaultConfigurationName = Release; };
		A10000000000000000000013 = {isa = XCBuildConfiguration; buildSettings = {CLANG_ENABLE_MODULES = YES; SWIFT_VERSION = 5.0; }; name = Debug; };
		A10000000000000000000014 = {isa = XCBuildConfiguration; buildSettings = {CLANG_ENABLE_MODULES = YES; SWIFT_COMPILATION_MODE = wholemodule; SWIFT_VERSION = 5.0; }; name = Release; };
		A10000000000000000000015 = {
			isa = XCBuildConfiguration;
			buildSettings = {
				CODE_SIGN_STYLE = Automatic;
				CURRENT_PROJECT_VERSION = 0.1.0;
				ENABLE_TESTABILITY = YES;
				GENERATE_INFOPLIST_FILE = YES;
				IPHONEOS_DEPLOYMENT_TARGET = 18.0;
				INFOPLIST_KEY_CFBundleDisplayName = "Little While";
				INFOPLIST_KEY_ITSAppUsesNonExemptEncryption = NO;
				INFOPLIST_KEY_UILaunchScreen_Generation = YES;
				INFOPLIST_KEY_UISupportedInterfaceOrientations_iPhone = UIInterfaceOrientationPortrait;
				MARKETING_VERSION = 0.1.0;
				PRODUCT_BUNDLE_IDENTIFIER = app.littlewhile;
				PRODUCT_NAME = App;
				SDKROOT = iphoneos;
				SUPPORTED_PLATFORMS = "iphoneos iphonesimulator";
				SWIFT_DEFAULT_ACTOR_ISOLATION = MainActor;
				SWIFT_OPTIMIZATION_LEVEL = "-Onone";
				TARGETED_DEVICE_FAMILY = 1;
			};
			name = Debug;
		};
		A10000000000000000000016 = {
			isa = XCBuildConfiguration;
			buildSettings = {
				CODE_SIGN_STYLE = Automatic;
				CURRENT_PROJECT_VERSION = 0.1.0;
				GENERATE_INFOPLIST_FILE = YES;
				IPHONEOS_DEPLOYMENT_TARGET = 18.0;
				INFOPLIST_KEY_CFBundleDisplayName = "Little While";
				INFOPLIST_KEY_ITSAppUsesNonExemptEncryption = NO;
				INFOPLIST_KEY_UILaunchScreen_Generation = YES;
				INFOPLIST_KEY_UISupportedInterfaceOrientations_iPhone = UIInterfaceOrientationPortrait;
				MARKETING_VERSION = 0.1.0;
				PRODUCT_BUNDLE_IDENTIFIER = app.littlewhile;
				PRODUCT_NAME = App;
				SDKROOT = iphoneos;
				SUPPORTED_PLATFORMS = "iphoneos iphonesimulator";
				SWIFT_COMPILATION_MODE = wholemodule;
				SWIFT_DEFAULT_ACTOR_ISOLATION = MainActor;
				TARGETED_DEVICE_FAMILY = 1;
			};
			name = Release;
		};
	};
	rootObject = A1000000000000000000000E;
}
